
Microsoft Visual Studio Solution File, Format Version 12.00
# Visual Studio Version 17
VisualStudioVersion = 17.2.32616.157
MinimumVisualStudioVersion = 10.0.40219.1
Project("{FAE04EC0-301F-11D3-BF4B-00C04F79EFBC}") = "ClassLibrary1", "ClassLibrary1\ClassLibrary1.csproj", "{42ED4CE0-5717-40A7-921A-ADE8C49E10EC}"
EndProject
Global
	GlobalSection(SolutionConfigurationPlatforms) = preSolution
		Debug|Any CPU = Debug|Any CPU
		Release|Any CPU = Release|Any CPU
	EndGlobalSection
	GlobalSection(ProjectConfigurationPlatforms) = postSolution
		{42ED4CE0-5717-40A7-921A-ADE8C49E10EC}.Debug|Any CPU.ActiveCfg = Debug|Any CPU
		{42ED4CE0-5717-40A7-921A-ADE8C49E10EC}.Debug|Any CPU.Build.0 = Debug|Any CPU
		{42ED4CE0-5717-40A7-921A-ADE8C49E10EC}.Release|Any CPU.ActiveCfg = Release|Any CPU
		{42ED4CE0-5717-40A7-921A-ADE8C49E10EC}.Release|Any CPU.Build.0 = Release|Any CPU
	EndGlobalSection
	GlobalSection(SolutionProperties) = preSolution
		HideSolutionNode = FALSE
	EndGlobalSection
	GlobalSection(ExtensibilityGlobals) = postSolution
		SolutionGuid = {23948154-9B42-4FBF-9CC8-3AC727628FC2}
	EndGlobalSection
EndGlobal
